
Microsoft Visual Studio Solution File, Format Version 12.00
# Visual Studio 2017
Project("{FAE04EC0-301F-11D3-BF4B-00C04F79EFBC}") = "Element", "Element.csproj", "{D7B5062A-07FE-3276-7C1B-1876AA35CA7E}"
EndProject
Project("{FAE04EC0-301F-11D3-BF4B-00C04F79EFBC}") = "Element.Editor", "Element.Editor.csproj", "{D2E4143E-D9E1-2EC3-F058-36926AFEA5EC}"
EndProject
Global
	GlobalSection(SolutionConfigurationPlatforms) = preSolution
		Debug|Any CPU = Debug|Any CPU
		Release|Any CPU = Release|Any CPU
	EndGlobalSection
	GlobalSection(ProjectConfigurationPlatforms) = postSolution
		{D7B5062A-07FE-3276-7C1B-1876AA35CA7E}.Debug|Any CPU.ActiveCfg = Debug|Any CPU
		{D7B5062A-07FE-3276-7C1B-1876AA35CA7E}.Debug|Any CPU.Build.0 = Debug|Any CPU
		{D7B5062A-07FE-3276-7C1B-1876AA35CA7E}.Release|Any CPU.ActiveCfg = Release|Any CPU
		{D7B5062A-07FE-3276-7C1B-1876AA35CA7E}.Release|Any CPU.Build.0 = Release|Any CPU
		{D2E4143E-D9E1-2EC3-F058-36926AFEA5EC}.Debug|Any CPU.ActiveCfg = Debug|Any CPU
		{D2E4143E-D9E1-2EC3-F058-36926AFEA5EC}.Debug|Any CPU.Build.0 = Debug|Any CPU
		{D2E4143E-D9E1-2EC3-F058-36926AFEA5EC}.Release|Any CPU.ActiveCfg = Release|Any CPU
		{D2E4143E-D9E1-2EC3-F058-36926AFEA5EC}.Release|Any CPU.Build.0 = Release|Any CPU
	EndGlobalSection
	GlobalSection(SolutionProperties) = preSolution
		HideSolutionNode = FALSE
	EndGlobalSection
EndGlobal
